
Microsoft Visual Studio Solution File, Format Version 12.00
# Visual Studio Version 17
VisualStudioVersion = 17.14.36408.4 d17.14
MinimumVisualStudioVersion = 10.0.40219.1
Project("{9A19103F-16F7-4668-BE54-9A1E7A4F7556}") = "SMBeagle", "SMBeagle.csproj", "{D21DBF8D-0BB4-491C-B400-32EEACD16792}"
EndProject
Global
	GlobalSection(SolutionConfigurationPlatforms) = preSolution
		Debug|Any CPU = Debug|Any CPU
		Release|Any CPU = Release|Any CPU
	EndGlobalSection
	GlobalSection(ProjectConfigurationPlatforms) = postSolution
		{D21DBF8D-0BB4-491C-B400-32EEACD16792}.Debug|Any CPU.ActiveCfg = Debug|Any CPU
		{D21DBF8D-0BB4-491C-B400-32EEACD16792}.Debug|Any CPU.Build.0 = Debug|Any CPU
		{D21DBF8D-0BB4-491C-B400-32EEACD16792}.Release|Any CPU.ActiveCfg = Release|Any CPU
		{D21DBF8D-0BB4-491C-B400-32EEACD16792}.Release|Any CPU.Build.0 = Release|Any CPU
	EndGlobalSection
	GlobalSection(SolutionProperties) = preSolution
		HideSolutionNode = FALSE
	EndGlobalSection
	GlobalSection(ExtensibilityGlobals) = postSolution
		SolutionGuid = {2BA0DE59-D954-42AB-9C3C-6FCEE3E0F0C1}
	EndGlobalSection
EndGlobal
